{
	"name": "@prismicio/helpers.examples",
	"version": "1.0.0",
	"lockfileVersion": 1,
	"requires": true,
	"dependencies": {
		"@prismicio/helpers": {
			"version": "1.0.5",
			"resolved": "https://registry.npmjs.org/@prismicio/helpers/-/helpers-1.0.5.tgz",
			"integrity": "sha512-TPpuAFHNxlCTrEihHnRKcq6zc0oZV0sfz5/iHoSpl5vorwPbwZWiF88JGeflNdefW4A69b5A3x3mfptKPdpoxg=="
		},
		"buffer-from": {
			"version": "1.1.1",
			"resolved": "https://registry.npmjs.org/buffer-from/-/buffer-from-1.1.1.tgz",
			"integrity": "sha512-MQcXEUbCKtEo7bhqEs6560Hyd4XaovZlO/k9V3hjVUF/zwW7KBVdSK4gIt/bzwS9MbR5qob+F5jusZsb0YQK2A==",
			"dev": true
		},
		"esbuild": {
			"version": "0.11.23",
			"resolved": "https://registry.npmjs.org/esbuild/-/esbuild-0.11.23.tgz",
			"integrity": "sha512-iaiZZ9vUF5wJV8ob1tl+5aJTrwDczlvGP0JoMmnpC2B0ppiMCu8n8gmy5ZTGl5bcG081XBVn+U+jP+mPFm5T5Q==",
			"dev": true
		},
		"source-map": {
			"version": "0.6.1",
			"resolved": "https://registry.npmjs.org/source-map/-/source-map-0.6.1.tgz",
			"integrity": "sha512-UjgapumWlbMhkBgzT7Ykc5YXUT46F0iKu8SGXq0bcwP5dz/h0Plj6enJqjz1Zbq2l5WaqYnrVbwWOWMyF3F47g==",
			"dev": true
		},
		"source-map-support": {
			"version": "0.5.19",
			"resolved": "https://registry.npmjs.org/source-map-support/-/source-map-support-0.5.19.tgz",
			"integrity": "sha512-Wonm7zOCIJzBGQdB+thsPar0kYuCIzYvxZwlBa87yi/Mdjv7Tip2cyVbLj5o0cFPN4EVkuTwb3GDDyUx2DGnGw==",
			"dev": true,
			"requires": {
				"buffer-from": "^1.0.0",
				"source-map": "^0.6.0"
			}
		},
		"ts-eager": {
			"version": "2.0.2",
			"resolved": "https://registry.npmjs.org/ts-eager/-/ts-eager-2.0.2.tgz",
			"integrity": "sha512-xzFPL2z7mgLs0brZXaIHTm91Pjl/Cuu9AMKprgSuK+kIS2LjiG8fqqg4eqz3tgBy9OIdupb9w55pr7ea3JBB+Q==",
			"dev": true,
			"requires": {
				"esbuild": "^0.11.20",
				"source-map-support": "^0.5.19"
			}
		},
		"typescript": {
			"version": "4.3.4",
			"resolved": "https://registry.npmjs.org/typescript/-/typescript-4.3.4.tgz",
			"integrity": "sha512-uauPG7XZn9F/mo+7MrsRjyvbxFpzemRjKEZXS4AK83oP2KKOJPvb+9cO/gmnv8arWZvhnjVOXz7B49m1l0e9Ew==",
			"dev": true
		}
	}
}
